// !$*UTF8*$!
{
	archiveVersion = 1;
	classes = {
	};
	objectVersion = 48;
	objects = {

/* Begin PBXBuildFile section */
		8AACF17D2032DE1400732E86 /* AVWXKit.h in Headers */ = {isa = PBXBuildFile; fileRef = 8AACF17B2032DE1400732E86 /* AVWXKit.h */; settings = {ATTRIBUTES = (Public, ); }; };
		8AACF1852032DF7C00732E86 /* Metar.swift in Sources */ = {isa = PBXBuildFile; fileRef = 8AACF1842032DF7C00732E86 /* Metar.swift */; };
		8AACF19F2032E11400732E86 /* AVWXKit.framework in Frameworks */ = {isa = PBXBuildFile; fileRef = 8AACF1782032DE1400732E86 /* AVWXKit.framework */; };
		8AACF1A62032E12700732E86 /* DeserialisationSpecs.swift in Sources */ = {isa = PBXBuildFile; fileRef = 8AACF1A52032E12700732E86 /* DeserialisationSpecs.swift */; };
		8AACF1AC2032E17800732E86 /* Nimble.framework in Frameworks */ = {isa = PBXBuildFile; fileRef = 8AACF1AB2032E16600732E86 /* Nimble.framework */; };
		8AACF1AD2032E17800732E86 /* OHHTTPStubs.framework in Frameworks */ = {isa = PBXBuildFile; fileRef = 8AACF1A92032E16600732E86 /* OHHTTPStubs.framework */; };
		8AACF1AE2032E17800732E86 /* Quick.framework in Frameworks */ = {isa = PBXBuildFile; fileRef = 8AACF1AA2032E16600732E86 /* Quick.framework */; };
		8ABB6DE82032E74600A466D8 /* Nimble.framework in CopyFiles */ = {isa = PBXBuildFile; fileRef = 8AACF1AB2032E16600732E86 /* Nimble.framework */; settings = {ATTRIBUTES = (CodeSignOnCopy, RemoveHeadersOnCopy, ); }; };
		8ABB6DE92032E74600A466D8 /* OHHTTPStubs.framework in CopyFiles */ = {isa = PBXBuildFile; fileRef = 8AACF1A92032E16600732E86 /* OHHTTPStubs.framework */; settings = {ATTRIBUTES = (CodeSignOnCopy, RemoveHeadersOnCopy, ); }; };
		8ABB6DEA2032E74600A466D8 /* Quick.framework in CopyFiles */ = {isa = PBXBuildFile; fileRef = 8AACF1AA2032E16600732E86 /* Quick.framework */; settings = {ATTRIBUTES = (CodeSignOnCopy, RemoveHeadersOnCopy, ); }; };
		8ABB6DEB2032E75900A466D8 /* metar-response-valid.json in Resources */ = {isa = PBXBuildFile; fileRef = 8AACF1B02032E27A00732E86 /* metar-response-valid.json */; };
		8ABB6DEE20333EF800A466D8 /* AVWXClient.swift in Sources */ = {isa = PBXBuildFile; fileRef = 8ABB6DED20333EF800A466D8 /* AVWXClient.swift */; };
		8ABB6DF0203345BA00A466D8 /* AVWXClientSpecs.swift in Sources */ = {isa = PBXBuildFile; fileRef = 8ABB6DEF203345BA00A466D8 /* AVWXClientSpecs.swift */; };
		8ABB6DF2203362E500A466D8 /* EndpointSpecs.swift in Sources */ = {isa = PBXBuildFile; fileRef = 8ABB6DF1203362E500A466D8 /* EndpointSpecs.swift */; };
		8ABB6DFA203426B200A466D8 /* AppDelegate.swift in Sources */ = {isa = PBXBuildFile; fileRef = 8ABB6DF9203426B200A466D8 /* AppDelegate.swift */; };
		8ABB6DFC203426B200A466D8 /* ViewController.swift in Sources */ = {isa = PBXBuildFile; fileRef = 8ABB6DFB203426B200A466D8 /* ViewController.swift */; };
		8ABB6DFF203426B200A466D8 /* Main.storyboard in Resources */ = {isa = PBXBuildFile; fileRef = 8ABB6DFD203426B200A466D8 /* Main.storyboard */; };
		8ABB6E01203426B200A466D8 /* Assets.xcassets in Resources */ = {isa = PBXBuildFile; fileRef = 8ABB6E00203426B200A466D8 /* Assets.xcassets */; };
		8ABB6E04203426B200A466D8 /* LaunchScreen.storyboard in Resources */ = {isa = PBXBuildFile; fileRef = 8ABB6E02203426B200A466D8 /* LaunchScreen.storyboard */; };
		8ACEC54620348C8700892F13 /* AVWXKit.framework in Frameworks */ = {isa = PBXBuildFile; fileRef = 8AACF1782032DE1400732E86 /* AVWXKit.framework */; };
		8ACEC54720348C8700892F13 /* AVWXKit.framework in Embed Frameworks */ = {isa = PBXBuildFile; fileRef = 8AACF1782032DE1400732E86 /* AVWXKit.framework */; settings = {ATTRIBUTES = (CodeSignOnCopy, RemoveHeadersOnCopy, ); }; };
		8AD91CAD203473DC0064AB2B /* RxCocoa.framework in Frameworks */ = {isa = PBXBuildFile; fileRef = 8AD91CAC203473D10064AB2B /* RxCocoa.framework */; };
		8AD91CAE203473DC0064AB2B /* RxCocoa.framework in Embed Frameworks */ = {isa = PBXBuildFile; fileRef = 8AD91CAC203473D10064AB2B /* RxCocoa.framework */; settings = {ATTRIBUTES = (CodeSignOnCopy, RemoveHeadersOnCopy, ); }; };
		8AD91CAF203473DC0064AB2B /* RxSwift.framework in Frameworks */ = {isa = PBXBuildFile; fileRef = 8AD91CAB203473D00064AB2B /* RxSwift.framework */; };
		8AD91CB0203473DC0064AB2B /* RxSwift.framework in Embed Frameworks */ = {isa = PBXBuildFile; fileRef = 8AD91CAB203473D00064AB2B /* RxSwift.framework */; settings = {ATTRIBUTES = (CodeSignOnCopy, RemoveHeadersOnCopy, ); }; };
		8AF2FF67203B062200BD265A /* AVWXKitRx.h in Headers */ = {isa = PBXBuildFile; fileRef = 8AF2FF65203B062200BD265A /* AVWXKitRx.h */; settings = {ATTRIBUTES = (Public, ); }; };
		8AF2FF6A203B062200BD265A /* AVWXKitRx.framework in Frameworks */ = {isa = PBXBuildFile; fileRef = 8AF2FF63203B062200BD265A /* AVWXKitRx.framework */; };
		8AF2FF6B203B062200BD265A /* AVWXKitRx.framework in Embed Frameworks */ = {isa = PBXBuildFile; fileRef = 8AF2FF63203B062200BD265A /* AVWXKitRx.framework */; settings = {ATTRIBUTES = (CodeSignOnCopy, RemoveHeadersOnCopy, ); }; };
		8AF2FF6F203B064400BD265A /* AVWXKit.framework in Frameworks */ = {isa = PBXBuildFile; fileRef = 8AACF1782032DE1400732E86 /* AVWXKit.framework */; };
		8AF2FF71203B13C300BD265A /* MBProgressHUD.framework in Frameworks */ = {isa = PBXBuildFile; fileRef = 8AF2FF70203B13BB00BD265A /* MBProgressHUD.framework */; };
		8AF2FF72203B13C300BD265A /* MBProgressHUD.framework in Embed Frameworks */ = {isa = PBXBuildFile; fileRef = 8AF2FF70203B13BB00BD265A /* MBProgressHUD.framework */; settings = {ATTRIBUTES = (CodeSignOnCopy, RemoveHeadersOnCopy, ); }; };
		8AF2FF73203B163D00BD265A /* RxSwift.framework in Frameworks */ = {isa = PBXBuildFile; fileRef = 8AD91CAB203473D00064AB2B /* RxSwift.framework */; };
		8AF2FF75203B166E00BD265A /* AVWXClient-rx.swift in Sources */ = {isa = PBXBuildFile; fileRef = 8AF2FF74203B166E00BD265A /* AVWXClient-rx.swift */; };
/* End PBXBuildFile section */

/* Begin PBXContainerItemProxy section */
		8AACF1A02032E11400732E86 /* PBXContainerItemProxy */ = {
			isa = PBXContainerItemProxy;
			containerPortal = 8AACF16F2032DE1400732E86 /* Project object */;
			proxyType = 1;
			remoteGlobalIDString = 8AACF1772032DE1400732E86;
			remoteInfo = AVWXKit;
		};
		8ACEC54820348C8700892F13 /* PBXContainerItemProxy */ = {
			isa = PBXContainerItemProxy;
			containerPortal = 8AACF16F2032DE1400732E86 /* Project object */;
			proxyType = 1;
			remoteGlobalIDString = 8AACF1772032DE1400732E86;
			remoteInfo = AVWXKit;
		};
		8AF2FF68203B062200BD265A /* PBXContainerItemProxy */ = {
			isa = PBXContainerItemProxy;
			containerPortal = 8AACF16F2032DE1400732E86 /* Project object */;
			proxyType = 1;
			remoteGlobalIDString = 8AF2FF62203B062200BD265A;
			remoteInfo = AVWXKitRx;
		};
/* End PBXContainerItemProxy section */

/* Begin PBXCopyFilesBuildPhase section */
		8ABB6DE72032E73100A466D8 /* CopyFiles */ = {
			isa = PBXCopyFilesBuildPhase;
			buildActionMask = 2147483647;
			dstPath = "";
			dstSubfolderSpec = 10;
			files = (
				8ABB6DE82032E74600A466D8 /* Nimble.framework in CopyFiles */,
				8ABB6DE92032E74600A466D8 /* OHHTTPStubs.framework in CopyFiles */,
				8ABB6DEA2032E74600A466D8 /* Quick.framework in CopyFiles */,
			);
			runOnlyForDeploymentPostprocessing = 0;
		};
		8AD91CB1203473DC0064AB2B /* Embed Frameworks */ = {
			isa = PBXCopyFilesBuildPhase;
			buildActionMask = 2147483647;
			dstPath = "";
			dstSubfolderSpec = 10;
			files = (
				8AD91CB0203473DC0064AB2B /* RxSwift.framework in Embed Frameworks */,
				8ACEC54720348C8700892F13 /* AVWXKit.framework in Embed Frameworks */,
				8AD91CAE203473DC0064AB2B /* RxCocoa.framework in Embed Frameworks */,
				8AF2FF72203B13C300BD265A /* MBProgressHUD.framework in Embed Frameworks */,
				8AF2FF6B203B062200BD265A /* AVWXKitRx.framework in Embed Frameworks */,
			);
			name = "Embed Frameworks";
			runOnlyForDeploymentPostprocessing = 0;
		};
/* End PBXCopyFilesBuildPhase section */

/* Begin PBXFileReference section */
		8AACF1782032DE1400732E86 /* AVWXKit.framework */ = {isa = PBXFileReference; explicitFileType = wrapper.framework; includeInIndex = 0; path = AVWXKit.framework; sourceTree = BUILT_PRODUCTS_DIR; };
		8AACF17B2032DE1400732E86 /* AVWXKit.h */ = {isa = PBXFileReference; lastKnownFileType = sourcecode.c.h; path = AVWXKit.h; sourceTree = "<group>"; };
		8AACF17C2032DE1400732E86 /* Info.plist */ = {isa = PBXFileReference; lastKnownFileType = text.plist.xml; path = Info.plist; sourceTree = "<group>"; };
		8AACF1842032DF7C00732E86 /* Metar.swift */ = {isa = PBXFileReference; lastKnownFileType = sourcecode.swift; path = Metar.swift; sourceTree = "<group>"; };
		8AACF1952032DFE100732E86 /* Cartfile.private */ = {isa = PBXFileReference; lastKnownFileType = text; path = Cartfile.private; sourceTree = "<group>"; };
		8AACF19A2032E11400732E86 /* AVWXKitTests.xctest */ = {isa = PBXFileReference; explicitFileType = wrapper.cfbundle; includeInIndex = 0; path = AVWXKitTests.xctest; sourceTree = BUILT_PRODUCTS_DIR; };
		8AACF19E2032E11400732E86 /* Info.plist */ = {isa = PBXFileReference; lastKnownFileType = text.plist.xml; path = Info.plist; sourceTree = "<group>"; };
		8AACF1A52032E12700732E86 /* DeserialisationSpecs.swift */ = {isa = PBXFileReference; lastKnownFileType = sourcecode.swift; path = DeserialisationSpecs.swift; sourceTree = "<group>"; };
		8AACF1A92032E16600732E86 /* OHHTTPStubs.framework */ = {isa = PBXFileReference; lastKnownFileType = wrapper.framework; name = OHHTTPStubs.framework; path = Carthage/Build/iOS/OHHTTPStubs.framework; sourceTree = "<group>"; };
		8AACF1AA2032E16600732E86 /* Quick.framework */ = {isa = PBXFileReference; lastKnownFileType = wrapper.framework; name = Quick.framework; path = Carthage/Build/iOS/Quick.framework; sourceTree = "<group>"; };
		8AACF1AB2032E16600732E86 /* Nimble.framework */ = {isa = PBXFileReference; lastKnownFileType = wrapper.framework; name = Nimble.framework; path = Carthage/Build/iOS/Nimble.framework; sourceTree = "<group>"; };
		8AACF1B02032E27A00732E86 /* metar-response-valid.json */ = {isa = PBXFileReference; lastKnownFileType = text.json; path = "metar-response-valid.json"; sourceTree = "<group>"; };
		8ABB6DED20333EF800A466D8 /* AVWXClient.swift */ = {isa = PBXFileReference; lastKnownFileType = sourcecode.swift; path = AVWXClient.swift; sourceTree = "<group>"; };
		8ABB6DEF203345BA00A466D8 /* AVWXClientSpecs.swift */ = {isa = PBXFileReference; lastKnownFileType = sourcecode.swift; path = AVWXClientSpecs.swift; sourceTree = "<group>"; };
		8ABB6DF1203362E500A466D8 /* EndpointSpecs.swift */ = {isa = PBXFileReference; lastKnownFileType = sourcecode.swift; path = EndpointSpecs.swift; sourceTree = "<group>"; };
		8ABB6DF7203426B200A466D8 /* SampleApp.app */ = {isa = PBXFileReference; explicitFileType = wrapper.application; includeInIndex = 0; path = SampleApp.app; sourceTree = BUILT_PRODUCTS_DIR; };
		8ABB6DF9203426B200A466D8 /* AppDelegate.swift */ = {isa = PBXFileReference; lastKnownFileType = sourcecode.swift; path = AppDelegate.swift; sourceTree = "<group>"; };
		8ABB6DFB203426B200A466D8 /* ViewController.swift */ = {isa = PBXFileReference; lastKnownFileType = sourcecode.swift; path = ViewController.swift; sourceTree = "<group>"; };
		8ABB6DFE203426B200A466D8 /* Base */ = {isa = PBXFileReference; lastKnownFileType = file.storyboard; name = Base; path = Base.lproj/Main.storyboard; sourceTree = "<group>"; };
		8ABB6E00203426B200A466D8 /* Assets.xcassets */ = {isa = PBXFileReference; lastKnownFileType = folder.assetcatalog; path = Assets.xcassets; sourceTree = "<group>"; };
		8ABB6E03203426B200A466D8 /* Base */ = {isa = PBXFileReference; lastKnownFileType = file.storyboard; name = Base; path = Base.lproj/LaunchScreen.storyboard; sourceTree = "<group>"; };
		8ABB6E05203426B200A466D8 /* Info.plist */ = {isa = PBXFileReference; lastKnownFileType = text.plist.xml; path = Info.plist; sourceTree = "<group>"; };
		8AD91CAB203473D00064AB2B /* RxSwift.framework */ = {isa = PBXFileReference; lastKnownFileType = wrapper.framework; name = RxSwift.framework; path = Carthage/Build/iOS/RxSwift.framework; sourceTree = "<group>"; };
		8AD91CAC203473D10064AB2B /* RxCocoa.framework */ = {isa = PBXFileReference; lastKnownFileType = wrapper.framework; name = RxCocoa.framework; path = Carthage/Build/iOS/RxCocoa.framework; sourceTree = "<group>"; };
		8AF26BA8203B6DAE008A7688 /* Cartfile */ = {isa = PBXFileReference; lastKnownFileType = text; path = Cartfile; sourceTree = "<group>"; };
		8AF2FF63203B062200BD265A /* AVWXKitRx.framework */ = {isa = PBXFileReference; explicitFileType = wrapper.framework; includeInIndex = 0; path = AVWXKitRx.framework; sourceTree = BUILT_PRODUCTS_DIR; };
		8AF2FF65203B062200BD265A /* AVWXKitRx.h */ = {isa = PBXFileReference; lastKnownFileType = sourcecode.c.h; path = AVWXKitRx.h; sourceTree = "<group>"; };
		8AF2FF66203B062200BD265A /* Info.plist */ = {isa = PBXFileReference; lastKnownFileType = text.plist.xml; path = Info.plist; sourceTree = "<group>"; };
		8AF2FF70203B13BB00BD265A /* MBProgressHUD.framework */ = {isa = PBXFileReference; lastKnownFileType = wrapper.framework; name = MBProgressHUD.framework; path = Carthage/Build/iOS/MBProgressHUD.framework; sourceTree = "<group>"; };
		8AF2FF74203B166E00BD265A /* AVWXClient-rx.swift */ = {isa = PBXFileReference; lastKnownFileType = sourcecode.swift; path = "AVWXClient-rx.swift"; sourceTree = "<group>"; };
/* End PBXFileReference section */

/* Begin PBXFrameworksBuildPhase section */
		8AACF1742032DE1400732E86 /* Frameworks */ = {
			isa = PBXFrameworksBuildPhase;
			buildActionMask = 2147483647;
			files = (
			);
			runOnlyForDeploymentPostprocessing = 0;
		};
		8AACF1972032E11400732E86 /* Frameworks */ = {
			isa = PBXFrameworksBuildPhase;
			buildActionMask = 2147483647;
			files = (
				8AACF19F2032E11400732E86 /* AVWXKit.framework in Frameworks */,
				8AACF1AC2032E17800732E86 /* Nimble.framework in Frameworks */,
				8AACF1AD2032E17800732E86 /* OHHTTPStubs.framework in Frameworks */,
				8AACF1AE2032E17800732E86 /* Quick.framework in Frameworks */,
			);
			runOnlyForDeploymentPostprocessing = 0;
		};
		8ABB6DF4203426B200A466D8 /* Frameworks */ = {
			isa = PBXFrameworksBuildPhase;
			buildActionMask = 2147483647;
			files = (
				8ACEC54620348C8700892F13 /* AVWXKit.framework in Frameworks */,
				8AF2FF6A203B062200BD265A /* AVWXKitRx.framework in Frameworks */,
				8AD91CAD203473DC0064AB2B /* RxCocoa.framework in Frameworks */,
				8AF2FF71203B13C300BD265A /* MBProgressHUD.framework in Frameworks */,
				8AD91CAF203473DC0064AB2B /* RxSwift.framework in Frameworks */,
				8ACEC54620348C8700892F13 /* AVWXKit.framework in Frameworks */,
			);
			runOnlyForDeploymentPostprocessing = 0;
		};
		8AF2FF5F203B062200BD265A /* Frameworks */ = {
			isa = PBXFrameworksBuildPhase;
			buildActionMask = 2147483647;
			files = (
				8AF2FF6F203B064400BD265A /* AVWXKit.framework in Frameworks */,
				8AF2FF73203B163D00BD265A /* RxSwift.framework in Frameworks */,
			);
			runOnlyForDeploymentPostprocessing = 0;
		};
/* End PBXFrameworksBuildPhase section */

/* Begin PBXGroup section */
		8AACF16E2032DE1400732E86 = {
			isa = PBXGroup;
			children = (
				8AACF17A2032DE1400732E86 /* AVWXKit */,
				8AF2FF64203B062200BD265A /* AVWXKitRx */,
				8AACF19B2032E11400732E86 /* AVWXKitTests */,
				8ABB6DF8203426B200A466D8 /* SampleApp */,
				8AACF1A82032E15300732E86 /* Frameworks */,
				8AACF1792032DE1400732E86 /* Products */,
				8AF26BA8203B6DAE008A7688 /* Cartfile */,
				8AACF1952032DFE100732E86 /* Cartfile.private */,
			);
			sourceTree = "<group>";
		};
		8AACF1792032DE1400732E86 /* Products */ = {
			isa = PBXGroup;
			children = (
				8AACF1782032DE1400732E86 /* AVWXKit.framework */,
				8AACF19A2032E11400732E86 /* AVWXKitTests.xctest */,
				8ABB6DF7203426B200A466D8 /* SampleApp.app */,
				8AF2FF63203B062200BD265A /* AVWXKitRx.framework */,
			);
			name = Products;
			sourceTree = "<group>";
		};
		8AACF17A2032DE1400732E86 /* AVWXKit */ = {
			isa = PBXGroup;
			children = (
				8ABB6DEC20333EEA00A466D8 /* Network */,
				8AACF1832032DF6300732E86 /* Models */,
				8AACF17B2032DE1400732E86 /* AVWXKit.h */,
				8AACF17C2032DE1400732E86 /* Info.plist */,
			);
			path = AVWXKit;
			sourceTree = "<group>";
		};
		8AACF1832032DF6300732E86 /* Models */ = {
			isa = PBXGroup;
			children = (
				8AACF1842032DF7C00732E86 /* Metar.swift */,
			);
			path = Models;
			sourceTree = "<group>";
		};
		8AACF19B2032E11400732E86 /* AVWXKitTests */ = {
			isa = PBXGroup;
			children = (
				8AACF1AF2032E22800732E86 /* resources */,
				8AACF19E2032E11400732E86 /* Info.plist */,
				8AACF1A52032E12700732E86 /* DeserialisationSpecs.swift */,
				8ABB6DEF203345BA00A466D8 /* AVWXClientSpecs.swift */,
				8ABB6DF1203362E500A466D8 /* EndpointSpecs.swift */,
			);
			path = AVWXKitTests;
			sourceTree = "<group>";
		};
		8AACF1A82032E15300732E86 /* Frameworks */ = {
			isa = PBXGroup;
			children = (
				8AF2FF70203B13BB00BD265A /* MBProgressHUD.framework */,
				8AD91CAC203473D10064AB2B /* RxCocoa.framework */,
				8AD91CAB203473D00064AB2B /* RxSwift.framework */,
				8AACF1AB2032E16600732E86 /* Nimble.framework */,
				8AACF1A92032E16600732E86 /* OHHTTPStubs.framework */,
				8AACF1AA2032E16600732E86 /* Quick.framework */,
			);
			name = Frameworks;
			sourceTree = "<group>";
		};
		8AACF1AF2032E22800732E86 /* resources */ = {
			isa = PBXGroup;
			children = (
				8AACF1B02032E27A00732E86 /* metar-response-valid.json */,
			);
			path = resources;
			sourceTree = "<group>";
		};
		8ABB6DEC20333EEA00A466D8 /* Network */ = {
			isa = PBXGroup;
			children = (
				8ABB6DED20333EF800A466D8 /* AVWXClient.swift */,
			);
			path = Network;
			sourceTree = "<group>";
		};
		8ABB6DF8203426B200A466D8 /* SampleApp */ = {
			isa = PBXGroup;
			children = (
				8ABB6DF9203426B200A466D8 /* AppDelegate.swift */,
				8ABB6DFB203426B200A466D8 /* ViewController.swift */,
				8ABB6DFD203426B200A466D8 /* Main.storyboard */,
				8ABB6E00203426B200A466D8 /* Assets.xcassets */,
				8ABB6E02203426B200A466D8 /* LaunchScreen.storyboard */,
				8ABB6E05203426B200A466D8 /* Info.plist */,
			);
			path = SampleApp;
			sourceTree = "<group>";
		};
		8AF2FF64203B062200BD265A /* AVWXKitRx */ = {
			isa = PBXGroup;
			children = (
				8AF2FF65203B062200BD265A /* AVWXKitRx.h */,
				8AF2FF66203B062200BD265A /* Info.plist */,
				8AF2FF74203B166E00BD265A /* AVWXClient-rx.swift */,
			);
			path = AVWXKitRx;
			sourceTree = "<group>";
		};
/* End PBXGroup section */

/* Begin PBXHeadersBuildPhase section */
		8AACF1752032DE1400732E86 /* Headers */ = {
			isa = PBXHeadersBuildPhase;
			buildActionMask = 2147483647;
			files = (
				8AACF17D2032DE1400732E86 /* AVWXKit.h in Headers */,
			);
			runOnlyForDeploymentPostprocessing = 0;
		};
		8AF2FF60203B062200BD265A /* Headers */ = {
			isa = PBXHeadersBuildPhase;
			buildActionMask = 2147483647;
			files = (
				8AF2FF67203B062200BD265A /* AVWXKitRx.h in Headers */,
			);
			runOnlyForDeploymentPostprocessing = 0;
		};
/* End PBXHeadersBuildPhase section */

/* Begin PBXNativeTarget section */
		8AACF1772032DE1400732E86 /* AVWXKit */ = {
			isa = PBXNativeTarget;
			buildConfigurationList = 8AACF1802032DE1400732E86 /* Build configuration list for PBXNativeTarget "AVWXKit" */;
			buildPhases = (
				8AACF1732032DE1400732E86 /* Sources */,
				8AACF1742032DE1400732E86 /* Frameworks */,
				8AACF1752032DE1400732E86 /* Headers */,
				8AACF1762032DE1400732E86 /* Resources */,
			);
			buildRules = (
			);
			dependencies = (
			);
			name = AVWXKit;
			productName = AVWXKit;
			productReference = 8AACF1782032DE1400732E86 /* AVWXKit.framework */;
			productType = "com.apple.product-type.framework";
		};
		8AACF1992032E11400732E86 /* AVWXKitTests */ = {
			isa = PBXNativeTarget;
			buildConfigurationList = 8AACF1A22032E11400732E86 /* Build configuration list for PBXNativeTarget "AVWXKitTests" */;
			buildPhases = (
				8AACF1962032E11400732E86 /* Sources */,
				8AACF1972032E11400732E86 /* Frameworks */,
				8AACF1982032E11400732E86 /* Resources */,
				8ABB6DE72032E73100A466D8 /* CopyFiles */,
			);
			buildRules = (
			);
			dependencies = (
				8AACF1A12032E11400732E86 /* PBXTargetDependency */,
			);
			name = AVWXKitTests;
			productName = AVWXKitTests;
			productReference = 8AACF19A2032E11400732E86 /* AVWXKitTests.xctest */;
			productType = "com.apple.product-type.bundle.unit-test";
		};
		8ABB6DF6203426B200A466D8 /* SampleApp */ = {
			isa = PBXNativeTarget;
			buildConfigurationList = 8ABB6E06203426B200A466D8 /* Build configuration list for PBXNativeTarget "SampleApp" */;
			buildPhases = (
				8ABB6DF3203426B200A466D8 /* Sources */,
				8ABB6DF4203426B200A466D8 /* Frameworks */,
				8ABB6DF5203426B200A466D8 /* Resources */,
				8AD91CB1203473DC0064AB2B /* Embed Frameworks */,
			);
			buildRules = (
			);
			dependencies = (
				8ACEC54920348C8700892F13 /* PBXTargetDependency */,
				8AF2FF69203B062200BD265A /* PBXTargetDependency */,
			);
			name = SampleApp;
			productName = SampleApp;
			productReference = 8ABB6DF7203426B200A466D8 /* SampleApp.app */;
			productType = "com.apple.product-type.application";
		};
		8AF2FF62203B062200BD265A /* AVWXKitRx */ = {
			isa = PBXNativeTarget;
			buildConfigurationList = 8AF2FF6E203B062200BD265A /* Build configuration list for PBXNativeTarget "AVWXKitRx" */;
			buildPhases = (
				8AF2FF5E203B062200BD265A /* Sources */,
				8AF2FF5F203B062200BD265A /* Frameworks */,
				8AF2FF60203B062200BD265A /* Headers */,
				8AF2FF61203B062200BD265A /* Resources */,
			);
			buildRules = (
			);
			dependencies = (
			);
			name = AVWXKitRx;
			productName = AVWXKitRx;
			productReference = 8AF2FF63203B062200BD265A /* AVWXKitRx.framework */;
			productType = "com.apple.product-type.framework";
		};
/* End PBXNativeTarget section */

/* Begin PBXProject section */
		8AACF16F2032DE1400732E86 /* Project object */ = {
			isa = PBXProject;
			attributes = {
				LastSwiftUpdateCheck = 0920;
				LastUpgradeCheck = 0920;
				ORGANIZATIONNAME = AeroNav;
				TargetAttributes = {
					8AACF1772032DE1400732E86 = {
						CreatedOnToolsVersion = 9.2;
						LastSwiftMigration = 0920;
						ProvisioningStyle = Automatic;
					};
					8AACF1992032E11400732E86 = {
						CreatedOnToolsVersion = 9.2;
						ProvisioningStyle = Automatic;
					};
					8ABB6DF6203426B200A466D8 = {
						CreatedOnToolsVersion = 9.2;
						ProvisioningStyle = Automatic;
					};
					8AF2FF62203B062200BD265A = {
						CreatedOnToolsVersion = 9.2;
						LastSwiftMigration = 0920;
						ProvisioningStyle = Automatic;
					};
				};
			};
			buildConfigurationList = 8AACF1722032DE1400732E86 /* Build configuration list for PBXProject "AVWXKit" */;
			compatibilityVersion = "Xcode 8.0";
			developmentRegion = en;
			hasScannedForEncodings = 0;
			knownRegions = (
				en,
				Base,
			);
			mainGroup = 8AACF16E2032DE1400732E86;
			productRefGroup = 8AACF1792032DE1400732E86 /* Products */;
			projectDirPath = "";
			projectRoot = "";
			targets = (
				8AACF1772032DE1400732E86 /* AVWXKit */,
				8AF2FF62203B062200BD265A /* AVWXKitRx */,
				8AACF1992032E11400732E86 /* AVWXKitTests */,
				8ABB6DF6203426B200A466D8 /* SampleApp */,
			);
		};
/* End PBXProject section */

/* Begin PBXResourcesBuildPhase section */
		8AACF1762032DE1400732E86 /* Resources */ = {
			isa = PBXResourcesBuildPhase;
			buildActionMask = 2147483647;
			files = (
			);
			runOnlyForDeploymentPostprocessing = 0;
		};
		8AACF1982032E11400732E86 /* Resources */ = {
			isa = PBXResourcesBuildPhase;
			buildActionMask = 2147483647;
			files = (
				8ABB6DEB2032E75900A466D8 /* metar-response-valid.json in Resources */,
			);
			runOnlyForDeploymentPostprocessing = 0;
		};
		8ABB6DF5203426B200A466D8 /* Resources */ = {
			isa = PBXResourcesBuildPhase;
			buildActionMask = 2147483647;
			files = (
				8ABB6E04203426B200A466D8 /* LaunchScreen.storyboard in Resources */,
				8ABB6E01203426B200A466D8 /* Assets.xcassets in Resources */,
				8ABB6DFF203426B200A466D8 /* Main.storyboard in Resources */,
			);
			runOnlyForDeploymentPostprocessing = 0;
		};
		8AF2FF61203B062200BD265A /* Resources */ = {
			isa = PBXResourcesBuildPhase;
			buildActionMask = 2147483647;
			files = (
			);
			runOnlyForDeploymentPostprocessing = 0;
		};
/* End PBXResourcesBuildPhase section */

/* Begin PBXSourcesBuildPhase section */
		8AACF1732032DE1400732E86 /* Sources */ = {
			isa = PBXSourcesBuildPhase;
			buildActionMask = 2147483647;
			files = (
				8ABB6DEE20333EF800A466D8 /* AVWXClient.swift in Sources */,
				8AACF1852032DF7C00732E86 /* Metar.swift in Sources */,
			);
			runOnlyForDeploymentPostprocessing = 0;
		};
		8AACF1962032E11400732E86 /* Sources */ = {
			isa = PBXSourcesBuildPhase;
			buildActionMask = 2147483647;
			files = (
				8ABB6DF2203362E500A466D8 /* EndpointSpecs.swift in Sources */,
				8AACF1A62032E12700732E86 /* DeserialisationSpecs.swift in Sources */,
				8ABB6DF0203345BA00A466D8 /* AVWXClientSpecs.swift in Sources */,
			);
			runOnlyForDeploymentPostprocessing = 0;
		};
		8ABB6DF3203426B200A466D8 /* Sources */ = {
			isa = PBXSourcesBuildPhase;
			buildActionMask = 2147483647;
			files = (
				8ABB6DFC203426B200A466D8 /* ViewController.swift in Sources */,
				8ABB6DFA203426B200A466D8 /* AppDelegate.swift in Sources */,
			);
			runOnlyForDeploymentPostprocessing = 0;
		};
		8AF2FF5E203B062200BD265A /* Sources */ = {
			isa = PBXSourcesBuildPhase;
			buildActionMask = 2147483647;
			files = (
				8AF2FF75203B166E00BD265A /* AVWXClient-rx.swift in Sources */,
			);
			runOnlyForDeploymentPostprocessing = 0;
		};
/* End PBXSourcesBuildPhase section */

/* Begin PBXTargetDependency section */
		8AACF1A12032E11400732E86 /* PBXTargetDependency */ = {
			isa = PBXTargetDependency;
			target = 8AACF1772032DE1400732E86 /* AVWXKit */;
			targetProxy = 8AACF1A02032E11400732E86 /* PBXContainerItemProxy */;
		};
		8ACEC54920348C8700892F13 /* PBXTargetDependency */ = {
			isa = PBXTargetDependency;
			target = 8AACF1772032DE1400732E86 /* AVWXKit */;
			targetProxy = 8ACEC54820348C8700892F13 /* PBXContainerItemProxy */;
		};
		8AF2FF69203B062200BD265A /* PBXTargetDependency */ = {
			isa = PBXTargetDependency;
			target = 8AF2FF62203B062200BD265A /* AVWXKitRx */;
			targetProxy = 8AF2FF68203B062200BD265A /* PBXContainerItemProxy */;
		};
/* End PBXTargetDependency section */

/* Begin PBXVariantGroup section */
		8ABB6DFD203426B200A466D8 /* Main.storyboard */ = {
			isa = PBXVariantGroup;
			children = (
				8ABB6DFE203426B200A466D8 /* Base */,
			);
			name = Main.storyboard;
			sourceTree = "<group>";
		};
		8ABB6E02203426B200A466D8 /* LaunchScreen.storyboard */ = {
			isa = PBXVariantGroup;
			children = (
				8ABB6E03203426B200A466D8 /* Base */,
			);
			name = LaunchScreen.storyboard;
			sourceTree = "<group>";
		};
/* End PBXVariantGroup section */

/* Begin XCBuildConfiguration section */
		8AACF17E2032DE1400732E86 /* Debug */ = {
			isa = XCBuildConfiguration;
			buildSettings = {
				ALWAYS_SEARCH_USER_PATHS = NO;
				CLANG_ANALYZER_NONNULL = YES;
				CLANG_ANALYZER_NUMBER_OBJECT_CONVERSION = YES_AGGRESSIVE;
				CLANG_CXX_LANGUAGE_STANDARD = "gnu++14";
				CLANG_CXX_LIBRARY = "libc++";
				CLANG_ENABLE_MODULES = YES;
				CLANG_ENABLE_OBJC_ARC = YES;
				CLANG_WARN_BLOCK_CAPTURE_AUTORELEASING = YES;
				CLANG_WARN_BOOL_CONVERSION = YES;
				CLANG_WARN_COMMA = YES;
				CLANG_WARN_CONSTANT_CONVERSION = YES;
				CLANG_WARN_DIRECT_OBJC_ISA_USAGE = YES_ERROR;
				CLANG_WARN_DOCUMENTATION_COMMENTS = YES;
				CLANG_WARN_EMPTY_BODY = YES;
				CLANG_WARN_ENUM_CONVERSION = YES;
				CLANG_WARN_INFINITE_RECURSION = YES;
				CLANG_WARN_INT_CONVERSION = YES;
				CLANG_WARN_NON_LITERAL_NULL_CONVERSION = YES;
				CLANG_WARN_OBJC_LITERAL_CONVERSION = YES;
				CLANG_WARN_OBJC_ROOT_CLASS = YES_ERROR;
				CLANG_WARN_RANGE_LOOP_ANALYSIS = YES;
				CLANG_WARN_STRICT_PROTOTYPES = YES;
				CLANG_WARN_SUSPICIOUS_MOVE = YES;
				CLANG_WARN_UNGUARDED_AVAILABILITY = YES_AGGRESSIVE;
				CLANG_WARN_UNREACHABLE_CODE = YES;
				CLANG_WARN__DUPLICATE_METHOD_MATCH = YES;
				CODE_SIGN_IDENTITY = "iPhone Developer";
				COPY_PHASE_STRIP = NO;
				CURRENT_PROJECT_VERSION = 1;
				DEBUG_INFORMATION_FORMAT = dwarf;
				ENABLE_STRICT_OBJC_MSGSEND = YES;
				ENABLE_TESTABILITY = YES;
				GCC_C_LANGUAGE_STANDARD = gnu11;
				GCC_DYNAMIC_NO_PIC = NO;
				GCC_NO_COMMON_BLOCKS = YES;
				GCC_OPTIMIZATION_LEVEL = 0;
				GCC_PREPROCESSOR_DEFINITIONS = (
					"DEBUG=1",
					"$(inherited)",
				);
				GCC_WARN_64_TO_32_BIT_CONVERSION = YES;
				GCC_WARN_ABOUT_RETURN_TYPE = YES_ERROR;
				GCC_WARN_UNDECLARED_SELECTOR = YES;
				GCC_WARN_UNINITIALIZED_AUTOS = YES_AGGRESSIVE;
				GCC_WARN_UNUSED_FUNCTION = YES;
				GCC_WARN_UNUSED_VARIABLE = YES;
				IPHONEOS_DEPLOYMENT_TARGET = 11.2;
				MTL_ENABLE_DEBUG_INFO = YES;
				ONLY_ACTIVE_ARCH = YES;
				SDKROOT = iphoneos;
				SWIFT_ACTIVE_COMPILATION_CONDITIONS = DEBUG;
				SWIFT_OPTIMIZATION_LEVEL = "-Onone";
				VERSIONING_SYSTEM = "apple-generic";
				VERSION_INFO_PREFIX = "";
			};
			name = Debug;
		};
		8AACF17F2032DE1400732E86 /* Release */ = {
			isa = XCBuildConfiguration;
			buildSettings = {
				ALWAYS_SEARCH_USER_PATHS = NO;
				CLANG_ANALYZER_NONNULL = YES;
				CLANG_ANALYZER_NUMBER_OBJECT_CONVERSION = YES_AGGRESSIVE;
				CLANG_CXX_LANGUAGE_STANDARD = "gnu++14";
				CLANG_CXX_LIBRARY = "libc++";
				CLANG_ENABLE_MODULES = YES;
				CLANG_ENABLE_OBJC_ARC = YES;
				CLANG_WARN_BLOCK_CAPTURE_AUTORELEASING = YES;
				CLANG_WARN_BOOL_CONVERSION = YES;
				CLANG_WARN_COMMA = YES;
				CLANG_WARN_CONSTANT_CONVERSION = YES;
				CLANG_WARN_DIRECT_OBJC_ISA_USAGE = YES_ERROR;
				CLANG_WARN_DOCUMENTATION_COMMENTS = YES;
				CLANG_WARN_EMPTY_BODY = YES;
				CLANG_WARN_ENUM_CONVERSION = YES;
				CLANG_WARN_INFINITE_RECURSION = YES;
				CLANG_WARN_INT_CONVERSION = YES;
				CLANG_WARN_NON_LITERAL_NULL_CONVERSION = YES;
				CLANG_WARN_OBJC_LITERAL_CONVERSION = YES;
				CLANG_WARN_OBJC_ROOT_CLASS = YES_ERROR;
				CLANG_WARN_RANGE_LOOP_ANALYSIS = YES;
				CLANG_WARN_STRICT_PROTOTYPES = YES;
				CLANG_WARN_SUSPICIOUS_MOVE = YES;
				CLANG_WARN_UNGUARDED_AVAILABILITY = YES_AGGRESSIVE;
				CLANG_WARN_UNREACHABLE_CODE = YES;
				CLANG_WARN__DUPLICATE_METHOD_MATCH = YES;
				CODE_SIGN_IDENTITY = "iPhone Developer";
				COPY_PHASE_STRIP = NO;
				CURRENT_PROJECT_VERSION = 1;
				DEBUG_INFORMATION_FORMAT = "dwarf-with-dsym";
				ENABLE_NS_ASSERTIONS = NO;
				ENABLE_STRICT_OBJC_MSGSEND = YES;
				GCC_C_LANGUAGE_STANDARD = gnu11;
				GCC_NO_COMMON_BLOCKS = YES;
				GCC_WARN_64_TO_32_BIT_CONVERSION = YES;
				GCC_WARN_ABOUT_RETURN_TYPE = YES_ERROR;
				GCC_WARN_UNDECLARED_SELECTOR = YES;
				GCC_WARN_UNINITIALIZED_AUTOS = YES_AGGRESSIVE;
				GCC_WARN_UNUSED_FUNCTION = YES;
				GCC_WARN_UNUSED_VARIABLE = YES;
				IPHONEOS_DEPLOYMENT_TARGET = 11.2;
				MTL_ENABLE_DEBUG_INFO = NO;
				SDKROOT = iphoneos;
				SWIFT_OPTIMIZATION_LEVEL = "-Owholemodule";
				VALIDATE_PRODUCT = YES;
				VERSIONING_SYSTEM = "apple-generic";
				VERSION_INFO_PREFIX = "";
			};
			name = Release;
		};
		8AACF1812032DE1400732E86 /* Debug */ = {
			isa = XCBuildConfiguration;
			buildSettings = {
				CLANG_ENABLE_MODULES = YES;
				CODE_SIGN_IDENTITY = "";
				CODE_SIGN_STYLE = Automatic;
				DEFINES_MODULE = YES;
				DEVELOPMENT_TEAM = G9MA9G2SST;
				DYLIB_COMPATIBILITY_VERSION = 1;
				DYLIB_CURRENT_VERSION = 1;
				DYLIB_INSTALL_NAME_BASE = "@rpath";
				INFOPLIST_FILE = AVWXKit/Info.plist;
				INSTALL_PATH = "$(LOCAL_LIBRARY_DIR)/Frameworks";
				IPHONEOS_DEPLOYMENT_TARGET = 11.0;
				LD_RUNPATH_SEARCH_PATHS = "$(inherited) @executable_path/Frameworks @loader_path/Frameworks";
				PRODUCT_BUNDLE_IDENTIFIER = com.aeronavmap.AVWXKit;
				PRODUCT_NAME = "$(TARGET_NAME:c99extidentifier)";
				SKIP_INSTALL = YES;
				SWIFT_OPTIMIZATION_LEVEL = "-Onone";
				SWIFT_VERSION = 4.0;
				TARGETED_DEVICE_FAMILY = "1,2";
			};
			name = Debug;
		};
		8AACF1822032DE1400732E86 /* Release */ = {
			isa = XCBuildConfiguration;
			buildSettings = {
				CLANG_ENABLE_MODULES = YES;
				CODE_SIGN_IDENTITY = "";
				CODE_SIGN_STYLE = Automatic;
				DEFINES_MODULE = YES;
				DEVELOPMENT_TEAM = G9MA9G2SST;
				DYLIB_COMPATIBILITY_VERSION = 1;
				DYLIB_CURRENT_VERSION = 1;
				DYLIB_INSTALL_NAME_BASE = "@rpath";
				INFOPLIST_FILE = AVWXKit/Info.plist;
				INSTALL_PATH = "$(LOCAL_LIBRARY_DIR)/Frameworks";
				IPHONEOS_DEPLOYMENT_TARGET = 11.0;
				LD_RUNPATH_SEARCH_PATHS = "$(inherited) @executable_path/Frameworks @loader_path/Frameworks";
				PRODUCT_BUNDLE_IDENTIFIER = com.aeronavmap.AVWXKit;
				PRODUCT_NAME = "$(TARGET_NAME:c99extidentifier)";
				SKIP_INSTALL = YES;
				SWIFT_VERSION = 4.0;
				TARGETED_DEVICE_FAMILY = "1,2";
			};
			name = Release;
		};
		8AACF1A32032E11400732E86 /* Debug */ = {
			isa = XCBuildConfiguration;
			buildSettings = {
				CODE_SIGN_STYLE = Automatic;
				DEVELOPMENT_TEAM = G9MA9G2SST;
				FRAMEWORK_SEARCH_PATHS = (
					"$(inherited)",
					"$(PROJECT_DIR)/Carthage/Build/iOS",
				);
				INFOPLIST_FILE = AVWXKitTests/Info.plist;
				LD_RUNPATH_SEARCH_PATHS = "$(inherited) @executable_path/Frameworks @loader_path/Frameworks";
				PRODUCT_BUNDLE_IDENTIFIER = com.aeronavmap.AVWXKitTests;
				PRODUCT_NAME = "$(TARGET_NAME)";
				SWIFT_VERSION = 4.0;
				TARGETED_DEVICE_FAMILY = "1,2";
			};
			name = Debug;
		};
		8AACF1A42032E11400732E86 /* Release */ = {
			isa = XCBuildConfiguration;
			buildSettings = {
				CODE_SIGN_STYLE = Automatic;
				DEVELOPMENT_TEAM = G9MA9G2SST;
				FRAMEWORK_SEARCH_PATHS = (
					"$(inherited)",
					"$(PROJECT_DIR)/Carthage/Build/iOS",
				);
				INFOPLIST_FILE = AVWXKitTests/Info.plist;
				LD_RUNPATH_SEARCH_PATHS = "$(inherited) @executable_path/Frameworks @loader_path/Frameworks";
				PRODUCT_BUNDLE_IDENTIFIER = com.aeronavmap.AVWXKitTests;
				PRODUCT_NAME = "$(TARGET_NAME)";
				SWIFT_VERSION = 4.0;
				TARGETED_DEVICE_FAMILY = "1,2";
			};
			name = Release;
		};
		8ABB6E07203426B200A466D8 /* Debug */ = {
			isa = XCBuildConfiguration;
			buildSettings = {
				ALWAYS_EMBED_SWIFT_STANDARD_LIBRARIES = YES;
				ASSETCATALOG_COMPILER_APPICON_NAME = AppIcon;
				CODE_SIGN_STYLE = Automatic;
				DEVELOPMENT_TEAM = G9MA9G2SST;
				FRAMEWORK_SEARCH_PATHS = (
					"$(inherited)",
					"$(PROJECT_DIR)/Carthage/Build/iOS",
				);
				INFOPLIST_FILE = SampleApp/Info.plist;
				LD_RUNPATH_SEARCH_PATHS = "$(inherited) @executable_path/Frameworks";
				PRODUCT_BUNDLE_IDENTIFIER = com.aeronavmap.SampleApp;
				PRODUCT_NAME = "$(TARGET_NAME)";
				SWIFT_VERSION = 4.0;
				TARGETED_DEVICE_FAMILY = "1,2";
			};
			name = Debug;
		};
		8ABB6E08203426B200A466D8 /* Release */ = {
			isa = XCBuildConfiguration;
			buildSettings = {
				ALWAYS_EMBED_SWIFT_STANDARD_LIBRARIES = YES;
				ASSETCATALOG_COMPILER_APPICON_NAME = AppIcon;
				CODE_SIGN_STYLE = Automatic;
				DEVELOPMENT_TEAM = G9MA9G2SST;
				FRAMEWORK_SEARCH_PATHS = (
					"$(inherited)",
					"$(PROJECT_DIR)/Carthage/Build/iOS",
				);
				INFOPLIST_FILE = SampleApp/Info.plist;
				LD_RUNPATH_SEARCH_PATHS = "$(inherited) @executable_path/Frameworks";
				PRODUCT_BUNDLE_IDENTIFIER = com.aeronavmap.SampleApp;
				PRODUCT_NAME = "$(TARGET_NAME)";
				SWIFT_VERSION = 4.0;
				TARGETED_DEVICE_FAMILY = "1,2";
			};
			name = Release;
		};
		8AF2FF6C203B062200BD265A /* Debug */ = {
			isa = XCBuildConfiguration;
			buildSettings = {
				CLANG_ENABLE_MODULES = YES;
				CODE_SIGN_IDENTITY = "";
				CODE_SIGN_STYLE = Automatic;
				DEFINES_MODULE = YES;
				DEVELOPMENT_TEAM = G9MA9G2SST;
				DYLIB_COMPATIBILITY_VERSION = 1;
				DYLIB_CURRENT_VERSION = 1;
				DYLIB_INSTALL_NAME_BASE = "@rpath";
				FRAMEWORK_SEARCH_PATHS = (
					"$(inherited)",
					"$(PROJECT_DIR)/Carthage/Build/iOS",
				);
				INFOPLIST_FILE = AVWXKitRx/Info.plist;
				INSTALL_PATH = "$(LOCAL_LIBRARY_DIR)/Frameworks";
				IPHONEOS_DEPLOYMENT_TARGET = 11.0;
				LD_RUNPATH_SEARCH_PATHS = "$(inherited) @executable_path/Frameworks @loader_path/Frameworks";
				PRODUCT_BUNDLE_IDENTIFIER = com.aeronavmap.AVWXKitRx;
				PRODUCT_NAME = "$(TARGET_NAME:c99extidentifier)";
				SKIP_INSTALL = YES;
				SWIFT_OPTIMIZATION_LEVEL = "-Onone";
				SWIFT_VERSION = 4.0;
				TARGETED_DEVICE_FAMILY = "1,2";
			};
			name = Debug;
		};
		8AF2FF6D203B062200BD265A /* Release */ = {
			isa = XCBuildConfiguration;
			buildSettings = {
				CLANG_ENABLE_MODULES = YES;
				CODE_SIGN_IDENTITY = "";
				CODE_SIGN_STYLE = Automatic;
				DEFINES_MODULE = YES;
				DEVELOPMENT_TEAM = G9MA9G2SST;
				DYLIB_COMPATIBILITY_VERSION = 1;
				DYLIB_CURRENT_VERSION = 1;
				DYLIB_INSTALL_NAME_BASE = "@rpath";
				FRAMEWORK_SEARCH_PATHS = (
					"$(inherited)",
					"$(PROJECT_DIR)/Carthage/Build/iOS",
				);
				INFOPLIST_FILE = AVWXKitRx/Info.plist;
				INSTALL_PATH = "$(LOCAL_LIBRARY_DIR)/Frameworks";
				IPHONEOS_DEPLOYMENT_TARGET = 11.0;
				LD_RUNPATH_SEARCH_PATHS = "$(inherited) @executable_path/Frameworks @loader_path/Frameworks";
				PRODUCT_BUNDLE_IDENTIFIER = com.aeronavmap.AVWXKitRx;
				PRODUCT_NAME = "$(TARGET_NAME:c99extidentifier)";
				SKIP_INSTALL = YES;
				SWIFT_VERSION = 4.0;
				TARGETED_DEVICE_FAMILY = "1,2";
			};
			name = Release;
		};
/* End XCBuildConfiguration section */

/* Begin XCConfigurationList section */
		8AACF1722032DE1400732E86 /* Build configuration list for PBXProject "AVWXKit" */ = {
			isa = XCConfigurationList;
			buildConfigurations = (
				8AACF17E2032DE1400732E86 /* Debug */,
				8AACF17F2032DE1400732E86 /* Release */,
			);
			defaultConfigurationIsVisible = 0;
			defaultConfigurationName = Release;
		};
		8AACF1802032DE1400732E86 /* Build configuration list for PBXNativeTarget "AVWXKit" */ = {
			isa = XCConfigurationList;
			buildConfigurations = (
				8AACF1812032DE1400732E86 /* Debug */,
				8AACF1822032DE1400732E86 /* Release */,
			);
			defaultConfigurationIsVisible = 0;
			defaultConfigurationName = Release;
		};
		8AACF1A22032E11400732E86 /* Build configuration list for PBXNativeTarget "AVWXKitTests" */ = {
			isa = XCConfigurationList;
			buildConfigurations = (
				8AACF1A32032E11400732E86 /* Debug */,
				8AACF1A42032E11400732E86 /* Release */,
			);
			defaultConfigurationIsVisible = 0;
			defaultConfigurationName = Release;
		};
		8ABB6E06203426B200A466D8 /* Build configuration list for PBXNativeTarget "SampleApp" */ = {
			isa = XCConfigurationList;
			buildConfigurations = (
				8ABB6E07203426B200A466D8 /* Debug */,
				8ABB6E08203426B200A466D8 /* Release */,
			);
			defaultConfigurationIsVisible = 0;
			defaultConfigurationName = Release;
		};
		8AF2FF6E203B062200BD265A /* Build configuration list for PBXNativeTarget "AVWXKitRx" */ = {
			isa = XCConfigurationList;
			buildConfigurations = (
				8AF2FF6C203B062200BD265A /* Debug */,
				8AF2FF6D203B062200BD265A /* Release */,
			);
			defaultConfigurationIsVisible = 0;
			defaultConfigurationName = Release;
		};
/* End XCConfigurationList section */
	};
	rootObject = 8AACF16F2032DE1400732E86 /* Project object */;
}
